
Microsoft Visual Studio Solution File, Format Version 12.00
# Visual Studio Version 16
VisualStudioVersion = 16.0.30611.23
MinimumVisualStudioVersion = 10.0.40219.1
Project("{FAE04EC0-301F-11D3-BF4B-00C04F79EFBC}") = "Sikidomok2", "Sikidomok2.csproj", "{9B06A21E-38DF-4670-B357-7CAFD6A85879}"
EndProject
Global
	GlobalSection(SolutionConfigurationPlatforms) = preSolution
		Debug|Any CPU = Debug|Any CPU
		Release|Any CPU = Release|Any CPU
	EndGlobalSection
	GlobalSection(ProjectConfigurationPlatforms) = postSolution
		{9B06A21E-38DF-4670-B357-7CAFD6A85879}.Debug|Any CPU.ActiveCfg = Debug|Any CPU
		{9B06A21E-38DF-4670-B357-7CAFD6A85879}.Debug|Any CPU.Build.0 = Debug|Any CPU
		{9B06A21E-38DF-4670-B357-7CAFD6A85879}.Release|Any CPU.ActiveCfg = Release|Any CPU
		{9B06A21E-38DF-4670-B357-7CAFD6A85879}.Release|Any CPU.Build.0 = Release|Any CPU
	EndGlobalSection
	GlobalSection(SolutionProperties) = preSolution
		HideSolutionNode = FALSE
	EndGlobalSection
	GlobalSection(ExtensibilityGlobals) = postSolution
		SolutionGuid = {7B91B0C4-730F-4A7B-953F-0ED5DFF5808D}
	EndGlobalSection
EndGlobal
